// !$*UTF8*$!
{
	archiveVersion = 1;
	classes = {
	};
	objectVersion = 77;
	objects = {

/* Begin PBXBuildFile section */
		982EB50A2E28BA2600A4FA60 /* SDWebImageSwiftUI in Frameworks */ = {isa = PBXBuildFile; productRef = 982EB5092E28BA2600A4FA60 /* SDWebImageSwiftUI */; };
		9880C1492DF94EEA008872D0 /* FirebaseAI in Frameworks */ = {isa = PBXBuildFile; productRef = 9880C1482DF94EEA008872D0 /* FirebaseAI */; };
		9880C14B2DF94EEA008872D0 /* FirebaseAnalytics in Frameworks */ = {isa = PBXBuildFile; productRef = 9880C14A2DF94EEA008872D0 /* FirebaseAnalytics */; };
		9880C14D2DF94EEA008872D0 /* FirebaseAnalyticsCore in Frameworks */ = {isa = PBXBuildFile; productRef = 9880C14C2DF94EEA008872D0 /* FirebaseAnalyticsCore */; };
		9880C14F2DF94EEA008872D0 /* FirebaseAnalyticsIdentitySupport in Frameworks */ = {isa = PBXBuildFile; productRef = 9880C14E2DF94EEA008872D0 /* FirebaseAnalyticsIdentitySupport */; };
		9880C1512DF94EEA008872D0 /* FirebaseAnalyticsOnDeviceConversion in Frameworks */ = {isa = PBXBuildFile; productRef = 9880C1502DF94EEA008872D0 /* FirebaseAnalyticsOnDeviceConversion */; };
		9880C1532DF94EEA008872D0 /* FirebaseAnalyticsWithoutAdIdSupport in Frameworks */ = {isa = PBXBuildFile; productRef = 9880C1522DF94EEA008872D0 /* FirebaseAnalyticsWithoutAdIdSupport */; };
		9880C1552DF94EEA008872D0 /* FirebaseAppCheck in Frameworks */ = {isa = PBXBuildFile; productRef = 9880C1542DF94EEA008872D0 /* FirebaseAppCheck */; };
		9880C1572DF94EEA008872D0 /* FirebaseAppDistribution-Beta in Frameworks */ = {isa = PBXBuildFile; productRef = 9880C1562DF94EEA008872D0 /* FirebaseAppDistribution-Beta */; };
		9880C1592DF94EEA008872D0 /* FirebaseAuth in Frameworks */ = {isa = PBXBuildFile; productRef = 9880C1582DF94EEA008872D0 /* FirebaseAuth */; };
		9880C15B2DF94EEA008872D0 /* FirebaseAuthCombine-Community in Frameworks */ = {isa = PBXBuildFile; productRef = 9880C15A2DF94EEA008872D0 /* FirebaseAuthCombine-Community */; };
		9880C15D2DF94EEA008872D0 /* FirebaseCore in Frameworks */ = {isa = PBXBuildFile; productRef = 9880C15C2DF94EEA008872D0 /* FirebaseCore */; };
		9880C15F2DF94EEA008872D0 /* FirebaseCrashlytics in Frameworks */ = {isa = PBXBuildFile; productRef = 9880C15E2DF94EEA008872D0 /* FirebaseCrashlytics */; };
		9880C1612DF94EEA008872D0 /* FirebaseDatabase in Frameworks */ = {isa = PBXBuildFile; productRef = 9880C1602DF94EEA008872D0 /* FirebaseDatabase */; };
		9880C1632DF94EEA008872D0 /* FirebaseDynamicLinks in Frameworks */ = {isa = PBXBuildFile; productRef = 9880C1622DF94EEA008872D0 /* FirebaseDynamicLinks */; };
		9880C1652DF94EEA008872D0 /* FirebaseFirestore in Frameworks */ = {isa = PBXBuildFile; productRef = 9880C1642DF94EEA008872D0 /* FirebaseFirestore */; };
		9880C1672DF94EEA008872D0 /* FirebaseFirestoreCombine-Community in Frameworks */ = {isa = PBXBuildFile; productRef = 9880C1662DF94EEA008872D0 /* FirebaseFirestoreCombine-Community */; };
		9880C1692DF94EEA008872D0 /* FirebaseFunctions in Frameworks */ = {isa = PBXBuildFile; productRef = 9880C1682DF94EEA008872D0 /* FirebaseFunctions */; };
		9880C16B2DF94EEA008872D0 /* FirebaseFunctionsCombine-Community in Frameworks */ = {isa = PBXBuildFile; productRef = 9880C16A2DF94EEA008872D0 /* FirebaseFunctionsCombine-Community */; };
		9880C16D2DF94EEA008872D0 /* FirebaseInAppMessaging-Beta in Frameworks */ = {isa = PBXBuildFile; productRef = 9880C16C2DF94EEA008872D0 /* FirebaseInAppMessaging-Beta */; };
		9880C16F2DF94EEA008872D0 /* FirebaseInstallations in Frameworks */ = {isa = PBXBuildFile; productRef = 9880C16E2DF94EEA008872D0 /* FirebaseInstallations */; };
		9880C1712DF94EEA008872D0 /* FirebaseMLModelDownloader in Frameworks */ = {isa = PBXBuildFile; productRef = 9880C1702DF94EEA008872D0 /* FirebaseMLModelDownloader */; };
		9880C1732DF94EEA008872D0 /* FirebaseMessaging in Frameworks */ = {isa = PBXBuildFile; productRef = 9880C1722DF94EEA008872D0 /* FirebaseMessaging */; };
		9880C1752DF94EEA008872D0 /* FirebasePerformance in Frameworks */ = {isa = PBXBuildFile; productRef = 9880C1742DF94EEA008872D0 /* FirebasePerformance */; };
		9880C1772DF94EEA008872D0 /* FirebaseRemoteConfig in Frameworks */ = {isa = PBXBuildFile; productRef = 9880C1762DF94EEA008872D0 /* FirebaseRemoteConfig */; };
		9880C1792DF94EEA008872D0 /* FirebaseStorage in Frameworks */ = {isa = PBXBuildFile; productRef = 9880C1782DF94EEA008872D0 /* FirebaseStorage */; };
		9880C17B2DF94EEA008872D0 /* FirebaseStorageCombine-Community in Frameworks */ = {isa = PBXBuildFile; productRef = 9880C17A2DF94EEA008872D0 /* FirebaseStorageCombine-Community */; };
		9880C17D2DF94EEA008872D0 /* FirebaseVertexAI in Frameworks */ = {isa = PBXBuildFile; productRef = 9880C17C2DF94EEA008872D0 /* FirebaseVertexAI */; };
/* End PBXBuildFile section */

/* Begin PBXContainerItemProxy section */
		9880C0FF2DF493A5008872D0 /* PBXContainerItemProxy */ = {
			isa = PBXContainerItemProxy;
			containerPortal = 9880C0E52DF493A2008872D0 /* Project object */;
			proxyType = 1;
			remoteGlobalIDString = 9880C0EC2DF493A2008872D0;
			remoteInfo = SceneIt;
		};
		9880C1092DF493A5008872D0 /* PBXContainerItemProxy */ = {
			isa = PBXContainerItemProxy;
			containerPortal = 9880C0E52DF493A2008872D0 /* Project object */;
			proxyType = 1;
			remoteGlobalIDString = 9880C0EC2DF493A2008872D0;
			remoteInfo = SceneIt;
		};
/* End PBXContainerItemProxy section */

/* Begin PBXCopyFilesBuildPhase section */
		9880C1C42DFF20CE008872D0 /* Embed Foundation Extensions */ = {
			isa = PBXCopyFilesBuildPhase;
			buildActionMask = 2147483647;
			dstPath = "";
			dstSubfolderSpec = 13;
			files = (
			);
			name = "Embed Foundation Extensions";
			runOnlyForDeploymentPostprocessing = 0;
		};
/* End PBXCopyFilesBuildPhase section */

/* Begin PBXFileReference section */
		9880C0ED2DF493A2008872D0 /* SceneIt.app */ = {isa = PBXFileReference; explicitFileType = wrapper.application; includeInIndex = 0; path = SceneIt.app; sourceTree = BUILT_PRODUCTS_DIR; };
		9880C0FE2DF493A5008872D0 /* SceneItTests.xctest */ = {isa = PBXFileReference; explicitFileType = wrapper.cfbundle; includeInIndex = 0; path = SceneItTests.xctest; sourceTree = BUILT_PRODUCTS_DIR; };
		9880C1082DF493A5008872D0 /* SceneItUITests.xctest */ = {isa = PBXFileReference; explicitFileType = wrapper.cfbundle; includeInIndex = 0; path = SceneItUITests.xctest; sourceTree = BUILT_PRODUCTS_DIR; };
/* End PBXFileReference section */

/* Begin PBXFileSystemSynchronizedBuildFileExceptionSet section */
		982EB5322E2B31DE00A4FA60 /* Exceptions for "Services" folder in "SceneIt" target */ = {
			isa = PBXFileSystemSynchronizedBuildFileExceptionSet;
			membershipExceptions = (
				ActivityService.swift,
				AuthService.swift,
			);
			target = 9880C0EC2DF493A2008872D0 /* SceneIt */;
		};
		982EB55E2E2B3C8B00A4FA60 /* Exceptions for "SceneIt" folder in "SceneIt" target */ = {
			isa = PBXFileSystemSynchronizedBuildFileExceptionSet;
			membershipExceptions = (
				Info.plist,
			);
			target = 9880C0EC2DF493A2008872D0 /* SceneIt */;
		};
/* End PBXFileSystemSynchronizedBuildFileExceptionSet section */

/* Begin PBXFileSystemSynchronizedRootGroup section */
		982EB51F2E2B304000A4FA60 /* models */ = {
			isa = PBXFileSystemSynchronizedRootGroup;
			path = models;
			sourceTree = "<group>";
		};
		982EB5212E2B30D500A4FA60 /* Services */ = {
			isa = PBXFileSystemSynchronizedRootGroup;
			exceptions = (
				982EB5322E2B31DE00A4FA60 /* Exceptions for "Services" folder in "SceneIt" target */,
			);
			path = Services;
			sourceTree = "<group>";
		};
		982EB5242E2B312400A4FA60 /* Utils */ = {
			isa = PBXFileSystemSynchronizedRootGroup;
			path = Utils;
			sourceTree = "<group>";
		};
		982EB52A2E2B317700A4FA60 /* SIgnUpFLow */ = {
			isa = PBXFileSystemSynchronizedRootGroup;
			path = SIgnUpFLow;
			sourceTree = "<group>";
		};
		982EB5492E2B34FB00A4FA60 /* Views */ = {
			isa = PBXFileSystemSynchronizedRootGroup;
			path = Views;
			sourceTree = "<group>";
		};
		982EB55B2E2B350800A4FA60 /* App */ = {
			isa = PBXFileSystemSynchronizedRootGroup;
			path = App;
			sourceTree = "<group>";
		};
		9880C0EF2DF493A2008872D0 /* SceneIt */ = {
			isa = PBXFileSystemSynchronizedRootGroup;
			exceptions = (
				982EB55E2E2B3C8B00A4FA60 /* Exceptions for "SceneIt" folder in "SceneIt" target */,
			);
			path = SceneIt;
			sourceTree = "<group>";
		};
		9880C1012DF493A5008872D0 /* SceneItTests */ = {
			isa = PBXFileSystemSynchronizedRootGroup;
			path = SceneItTests;
			sourceTree = "<group>";
		};
		9880C10B2DF493A5008872D0 /* SceneItUITests */ = {
			isa = PBXFileSystemSynchronizedRootGroup;
			path = SceneItUITests;
			sourceTree = "<group>";
		};
/* End PBXFileSystemSynchronizedRootGroup section */

/* Begin PBXFrameworksBuildPhase section */
		9880C0EA2DF493A2008872D0 /* Frameworks */ = {
			isa = PBXFrameworksBuildPhase;
			buildActionMask = 2147483647;
			files = (
				982EB50A2E28BA2600A4FA60 /* SDWebImageSwiftUI in Frameworks */,
				9880C1692DF94EEA008872D0 /* FirebaseFunctions in Frameworks */,
				9880C1612DF94EEA008872D0 /* FirebaseDatabase in Frameworks */,
				9880C14F2DF94EEA008872D0 /* FirebaseAnalyticsIdentitySupport in Frameworks */,
				9880C1792DF94EEA008872D0 /* FirebaseStorage in Frameworks */,
				9880C1532DF94EEA008872D0 /* FirebaseAnalyticsWithoutAdIdSupport in Frameworks */,
				9880C15D2DF94EEA008872D0 /* FirebaseCore in Frameworks */,
				9880C14B2DF94EEA008872D0 /* FirebaseAnalytics in Frameworks */,
				9880C1712DF94EEA008872D0 /* FirebaseMLModelDownloader in Frameworks */,
				9880C1632DF94EEA008872D0 /* FirebaseDynamicLinks in Frameworks */,
				9880C1512DF94EEA008872D0 /* FirebaseAnalyticsOnDeviceConversion in Frameworks */,
				9880C1592DF94EEA008872D0 /* FirebaseAuth in Frameworks */,
				9880C1652DF94EEA008872D0 /* FirebaseFirestore in Frameworks */,
				9880C1672DF94EEA008872D0 /* FirebaseFirestoreCombine-Community in Frameworks */,
				9880C17D2DF94EEA008872D0 /* FirebaseVertexAI in Frameworks */,
				9880C16D2DF94EEA008872D0 /* FirebaseInAppMessaging-Beta in Frameworks */,
				9880C16B2DF94EEA008872D0 /* FirebaseFunctionsCombine-Community in Frameworks */,
				9880C1552DF94EEA008872D0 /* FirebaseAppCheck in Frameworks */,
				9880C17B2DF94EEA008872D0 /* FirebaseStorageCombine-Community in Frameworks */,
				9880C1772DF94EEA008872D0 /* FirebaseRemoteConfig in Frameworks */,
				9880C14D2DF94EEA008872D0 /* FirebaseAnalyticsCore in Frameworks */,
				9880C1492DF94EEA008872D0 /* FirebaseAI in Frameworks */,
				9880C1752DF94EEA008872D0 /* FirebasePerformance in Frameworks */,
				9880C15F2DF94EEA008872D0 /* FirebaseCrashlytics in Frameworks */,
				9880C1572DF94EEA008872D0 /* FirebaseAppDistribution-Beta in Frameworks */,
				9880C15B2DF94EEA008872D0 /* FirebaseAuthCombine-Community in Frameworks */,
				9880C1732DF94EEA008872D0 /* FirebaseMessaging in Frameworks */,
				9880C16F2DF94EEA008872D0 /* FirebaseInstallations in Frameworks */,
			);
			runOnlyForDeploymentPostprocessing = 0;
		};
		9880C0FB2DF493A5008872D0 /* Frameworks */ = {
			isa = PBXFrameworksBuildPhase;
			buildActionMask = 2147483647;
			files = (
			);
			runOnlyForDeploymentPostprocessing = 0;
		};
		9880C1052DF493A5008872D0 /* Frameworks */ = {
			isa = PBXFrameworksBuildPhase;
			buildActionMask = 2147483647;
			files = (
			);
			runOnlyForDeploymentPostprocessing = 0;
		};
/* End PBXFrameworksBuildPhase section */

/* Begin PBXGroup section */
		9880C0E42DF493A2008872D0 = {
			isa = PBXGroup;
			children = (
				982EB5242E2B312400A4FA60 /* Utils */,
				982EB5212E2B30D500A4FA60 /* Services */,
				982EB51F2E2B304000A4FA60 /* models */,
				982EB5492E2B34FB00A4FA60 /* Views */,
				982EB55B2E2B350800A4FA60 /* App */,
				982EB52A2E2B317700A4FA60 /* SIgnUpFLow */,
				9880C0EF2DF493A2008872D0 /* SceneIt */,
				9880C1012DF493A5008872D0 /* SceneItTests */,
				9880C10B2DF493A5008872D0 /* SceneItUITests */,
				9880C0EE2DF493A2008872D0 /* Products */,
			);
			sourceTree = "<group>";
		};
		9880C0EE2DF493A2008872D0 /* Products */ = {
			isa = PBXGroup;
			children = (
				9880C0ED2DF493A2008872D0 /* SceneIt.app */,
				9880C0FE2DF493A5008872D0 /* SceneItTests.xctest */,
				9880C1082DF493A5008872D0 /* SceneItUITests.xctest */,
			);
			name = Products;
			sourceTree = "<group>";
		};
/* End PBXGroup section */

/* Begin PBXNativeTarget section */
		9880C0EC2DF493A2008872D0 /* SceneIt */ = {
			isa = PBXNativeTarget;
			buildConfigurationList = 9880C1122DF493A5008872D0 /* Build configuration list for PBXNativeTarget "SceneIt" */;
			buildPhases = (
				9880C0E92DF493A2008872D0 /* Sources */,
				9880C0EA2DF493A2008872D0 /* Frameworks */,
				9880C0EB2DF493A2008872D0 /* Resources */,
				9880C1C42DFF20CE008872D0 /* Embed Foundation Extensions */,
			);
			buildRules = (
			);
			dependencies = (
			);
			fileSystemSynchronizedGroups = (
				982EB51F2E2B304000A4FA60 /* models */,
				982EB5212E2B30D500A4FA60 /* Services */,
				982EB5242E2B312400A4FA60 /* Utils */,
				982EB52A2E2B317700A4FA60 /* SIgnUpFLow */,
				982EB5492E2B34FB00A4FA60 /* Views */,
				982EB55B2E2B350800A4FA60 /* App */,
				9880C0EF2DF493A2008872D0 /* SceneIt */,
			);
			name = SceneIt;
			packageProductDependencies = (
				9880C1482DF94EEA008872D0 /* FirebaseAI */,
				9880C14A2DF94EEA008872D0 /* FirebaseAnalytics */,
				9880C14C2DF94EEA008872D0 /* FirebaseAnalyticsCore */,
				9880C14E2DF94EEA008872D0 /* FirebaseAnalyticsIdentitySupport */,
				9880C1502DF94EEA008872D0 /* FirebaseAnalyticsOnDeviceConversion */,
				9880C1522DF94EEA008872D0 /* FirebaseAnalyticsWithoutAdIdSupport */,
				9880C1542DF94EEA008872D0 /* FirebaseAppCheck */,
				9880C1562DF94EEA008872D0 /* FirebaseAppDistribution-Beta */,
				9880C1582DF94EEA008872D0 /* FirebaseAuth */,
				9880C15A2DF94EEA008872D0 /* FirebaseAuthCombine-Community */,
				9880C15C2DF94EEA008872D0 /* FirebaseCore */,
				9880C15E2DF94EEA008872D0 /* FirebaseCrashlytics */,
				9880C1602DF94EEA008872D0 /* FirebaseDatabase */,
				9880C1622DF94EEA008872D0 /* FirebaseDynamicLinks */,
				9880C1642DF94EEA008872D0 /* FirebaseFirestore */,
				9880C1662DF94EEA008872D0 /* FirebaseFirestoreCombine-Community */,
				9880C1682DF94EEA008872D0 /* FirebaseFunctions */,
				9880C16A2DF94EEA008872D0 /* FirebaseFunctionsCombine-Community */,
				9880C16C2DF94EEA008872D0 /* FirebaseInAppMessaging-Beta */,
				9880C16E2DF94EEA008872D0 /* FirebaseInstallations */,
				9880C1702DF94EEA008872D0 /* FirebaseMLModelDownloader */,
				9880C1722DF94EEA008872D0 /* FirebaseMessaging */,
				9880C1742DF94EEA008872D0 /* FirebasePerformance */,
				9880C1762DF94EEA008872D0 /* FirebaseRemoteConfig */,
				9880C1782DF94EEA008872D0 /* FirebaseStorage */,
				9880C17A2DF94EEA008872D0 /* FirebaseStorageCombine-Community */,
				9880C17C2DF94EEA008872D0 /* FirebaseVertexAI */,
				982EB5092E28BA2600A4FA60 /* SDWebImageSwiftUI */,
			);
			productName = SceneIt;
			productReference = 9880C0ED2DF493A2008872D0 /* SceneIt.app */;
			productType = "com.apple.product-type.application";
		};
		9880C0FD2DF493A5008872D0 /* SceneItTests */ = {
			isa = PBXNativeTarget;
			buildConfigurationList = 9880C1152DF493A5008872D0 /* Build configuration list for PBXNativeTarget "SceneItTests" */;
			buildPhases = (
				9880C0FA2DF493A5008872D0 /* Sources */,
				9880C0FB2DF493A5008872D0 /* Frameworks */,
				9880C0FC2DF493A5008872D0 /* Resources */,
			);
			buildRules = (
			);
			dependencies = (
				9880C1002DF493A5008872D0 /* PBXTargetDependency */,
			);
			fileSystemSynchronizedGroups = (
				9880C1012DF493A5008872D0 /* SceneItTests */,
			);
			name = SceneItTests;
			packageProductDependencies = (
			);
			productName = SceneItTests;
			productReference = 9880C0FE2DF493A5008872D0 /* SceneItTests.xctest */;
			productType = "com.apple.product-type.bundle.unit-test";
		};
		9880C1072DF493A5008872D0 /* SceneItUITests */ = {
			isa = PBXNativeTarget;
			buildConfigurationList = 9880C1182DF493A5008872D0 /* Build configuration list for PBXNativeTarget "SceneItUITests" */;
			buildPhases = (
				9880C1042DF493A5008872D0 /* Sources */,
				9880C1052DF493A5008872D0 /* Frameworks */,
				9880C1062DF493A5008872D0 /* Resources */,
			);
			buildRules = (
			);
			dependencies = (
				9880C10A2DF493A5008872D0 /* PBXTargetDependency */,
			);
			fileSystemSynchronizedGroups = (
				9880C10B2DF493A5008872D0 /* SceneItUITests */,
			);
			name = SceneItUITests;
			packageProductDependencies = (
			);
			productName = SceneItUITests;
			productReference = 9880C1082DF493A5008872D0 /* SceneItUITests.xctest */;
			productType = "com.apple.product-type.bundle.ui-testing";
		};
/* End PBXNativeTarget section */

/* Begin PBXProject section */
		9880C0E52DF493A2008872D0 /* Project object */ = {
			isa = PBXProject;
			attributes = {
				BuildIndependentTargetsInParallel = 1;
				LastSwiftUpdateCheck = 1620;
				LastUpgradeCheck = 1620;
				TargetAttributes = {
					9880C0EC2DF493A2008872D0 = {
						CreatedOnToolsVersion = 16.2;
					};
					9880C0FD2DF493A5008872D0 = {
						CreatedOnToolsVersion = 16.2;
						TestTargetID = 9880C0EC2DF493A2008872D0;
					};
					9880C1072DF493A5008872D0 = {
						CreatedOnToolsVersion = 16.2;
						TestTargetID = 9880C0EC2DF493A2008872D0;
					};
				};
			};
			buildConfigurationList = 9880C0E82DF493A2008872D0 /* Build configuration list for PBXProject "SceneIt" */;
			developmentRegion = en;
			hasScannedForEncodings = 0;
			knownRegions = (
				en,
				Base,
			);
			mainGroup = 9880C0E42DF493A2008872D0;
			minimizedProjectReferenceProxies = 1;
			packageReferences = (
				9880C1472DF94EEA008872D0 /* XCRemoteSwiftPackageReference "firebase-ios-sdk" */,
				982EB5082E28BA2600A4FA60 /* XCRemoteSwiftPackageReference "SDWebImageSwiftUI" */,
			);
			preferredProjectObjectVersion = 77;
			productRefGroup = 9880C0EE2DF493A2008872D0 /* Products */;
			projectDirPath = "";
			projectRoot = "";
			targets = (
				9880C0EC2DF493A2008872D0 /* SceneIt */,
				9880C0FD2DF493A5008872D0 /* SceneItTests */,
				9880C1072DF493A5008872D0 /* SceneItUITests */,
			);
		};
/* End PBXProject section */

/* Begin PBXResourcesBuildPhase section */
		9880C0EB2DF493A2008872D0 /* Resources */ = {
			isa = PBXResourcesBuildPhase;
			buildActionMask = 2147483647;
			files = (
			);
			runOnlyForDeploymentPostprocessing = 0;
		};
		9880C0FC2DF493A5008872D0 /* Resources */ = {
			isa = PBXResourcesBuildPhase;
			buildActionMask = 2147483647;
			files = (
			);
			runOnlyForDeploymentPostprocessing = 0;
		};
		9880C1062DF493A5008872D0 /* Resources */ = {
			isa = PBXResourcesBuildPhase;
			buildActionMask = 2147483647;
			files = (
			);
			runOnlyForDeploymentPostprocessing = 0;
		};
/* End PBXResourcesBuildPhase section */

/* Begin PBXSourcesBuildPhase section */
		9880C0E92DF493A2008872D0 /* Sources */ = {
			isa = PBXSourcesBuildPhase;
			buildActionMask = 2147483647;
			files = (
			);
			runOnlyForDeploymentPostprocessing = 0;
		};
		9880C0FA2DF493A5008872D0 /* Sources */ = {
			isa = PBXSourcesBuildPhase;
			buildActionMask = 2147483647;
			files = (
			);
			runOnlyForDeploymentPostprocessing = 0;
		};
		9880C1042DF493A5008872D0 /* Sources */ = {
			isa = PBXSourcesBuildPhase;
			buildActionMask = 2147483647;
			files = (
			);
			runOnlyForDeploymentPostprocessing = 0;
		};
/* End PBXSourcesBuildPhase section */

/* Begin PBXTargetDependency section */
		9880C1002DF493A5008872D0 /* PBXTargetDependency */ = {
			isa = PBXTargetDependency;
			target = 9880C0EC2DF493A2008872D0 /* SceneIt */;
			targetProxy = 9880C0FF2DF493A5008872D0 /* PBXContainerItemProxy */;
		};
		9880C10A2DF493A5008872D0 /* PBXTargetDependency */ = {
			isa = PBXTargetDependency;
			target = 9880C0EC2DF493A2008872D0 /* SceneIt */;
			targetProxy = 9880C1092DF493A5008872D0 /* PBXContainerItemProxy */;
		};
/* End PBXTargetDependency section */

/* Begin XCBuildConfiguration section */
		9880C1102DF493A5008872D0 /* Debug */ = {
			isa = XCBuildConfiguration;
			buildSettings = {
				ALWAYS_SEARCH_USER_PATHS = NO;
				ASSETCATALOG_COMPILER_GENERATE_SWIFT_ASSET_SYMBOL_EXTENSIONS = YES;
				CLANG_ANALYZER_NONNULL = YES;
				CLANG_ANALYZER_NUMBER_OBJECT_CONVERSION = YES_AGGRESSIVE;
				CLANG_CXX_LANGUAGE_STANDARD = "gnu++20";
				CLANG_ENABLE_MODULES = YES;
				CLANG_ENABLE_OBJC_ARC = YES;
				CLANG_ENABLE_OBJC_WEAK = YES;
				CLANG_WARN_BLOCK_CAPTURE_AUTORELEASING = YES;
				CLANG_WARN_BOOL_CONVERSION = YES;
				CLANG_WARN_COMMA = YES;
				CLANG_WARN_CONSTANT_CONVERSION = YES;
				CLANG_WARN_DEPRECATED_OBJC_IMPLEMENTATIONS = YES;
				CLANG_WARN_DIRECT_OBJC_ISA_USAGE = YES_ERROR;
				CLANG_WARN_DOCUMENTATION_COMMENTS = YES;
				CLANG_WARN_EMPTY_BODY = YES;
				CLANG_WARN_ENUM_CONVERSION = YES;
				CLANG_WARN_INFINITE_RECURSION = YES;
				CLANG_WARN_INT_CONVERSION = YES;
				CLANG_WARN_NON_LITERAL_NULL_CONVERSION = YES;
				CLANG_WARN_OBJC_IMPLICIT_RETAIN_SELF = YES;
				CLANG_WARN_OBJC_LITERAL_CONVERSION = YES;
				CLANG_WARN_OBJC_ROOT_CLASS = YES_ERROR;
				CLANG_WARN_QUOTED_INCLUDE_IN_FRAMEWORK_HEADER = YES;
				CLANG_WARN_RANGE_LOOP_ANALYSIS = YES;
				CLANG_WARN_STRICT_PROTOTYPES = YES;
				CLANG_WARN_SUSPICIOUS_MOVE = YES;
				CLANG_WARN_UNGUARDED_AVAILABILITY = YES_AGGRESSIVE;
				CLANG_WARN_UNREACHABLE_CODE = YES;
				CLANG_WARN__DUPLICATE_METHOD_MATCH = YES;
				COPY_PHASE_STRIP = NO;
				DEBUG_INFORMATION_FORMAT = dwarf;
				ENABLE_STRICT_OBJC_MSGSEND = YES;
				ENABLE_TESTABILITY = YES;
				ENABLE_USER_SCRIPT_SANDBOXING = YES;
				GCC_C_LANGUAGE_STANDARD = gnu17;
				GCC_DYNAMIC_NO_PIC = NO;
				GCC_NO_COMMON_BLOCKS = YES;
				GCC_OPTIMIZATION_LEVEL = 0;
				GCC_PREPROCESSOR_DEFINITIONS = (
					"DEBUG=1",
					"$(inherited)",
				);
				GCC_WARN_64_TO_32_BIT_CONVERSION = YES;
				GCC_WARN_ABOUT_RETURN_TYPE = YES_ERROR;
				GCC_WARN_UNDECLARED_SELECTOR = YES;
				GCC_WARN_UNINITIALIZED_AUTOS = YES_AGGRESSIVE;
				GCC_WARN_UNUSED_FUNCTION = YES;
				GCC_WARN_UNUSED_VARIABLE = YES;
				LOCALIZATION_PREFERS_STRING_CATALOGS = YES;
				MTL_ENABLE_DEBUG_INFO = INCLUDE_SOURCE;
				MTL_FAST_MATH = YES;
				ONLY_ACTIVE_ARCH = YES;
				SWIFT_ACTIVE_COMPILATION_CONDITIONS = "DEBUG $(inherited)";
				SWIFT_OPTIMIZATION_LEVEL = "-Onone";
			};
			name = Debug;
		};
		9880C1112DF493A5008872D0 /* Release */ = {
			isa = XCBuildConfiguration;
			buildSettings = {
				ALWAYS_SEARCH_USER_PATHS = NO;
				ASSETCATALOG_COMPILER_GENERATE_SWIFT_ASSET_SYMBOL_EXTENSIONS = YES;
				CLANG_ANALYZER_NONNULL = YES;
				CLANG_ANALYZER_NUMBER_OBJECT_CONVERSION = YES_AGGRESSIVE;
				CLANG_CXX_LANGUAGE_STANDARD = "gnu++20";
				CLANG_ENABLE_MODULES = YES;
				CLANG_ENABLE_OBJC_ARC = YES;
				CLANG_ENABLE_OBJC_WEAK = YES;
				CLANG_WARN_BLOCK_CAPTURE_AUTORELEASING = YES;
				CLANG_WARN_BOOL_CONVERSION = YES;
				CLANG_WARN_COMMA = YES;
				CLANG_WARN_CONSTANT_CONVERSION = YES;
				CLANG_WARN_DEPRECATED_OBJC_IMPLEMENTATIONS = YES;
				CLANG_WARN_DIRECT_OBJC_ISA_USAGE = YES_ERROR;
				CLANG_WARN_DOCUMENTATION_COMMENTS = YES;
				CLANG_WARN_EMPTY_BODY = YES;
				CLANG_WARN_ENUM_CONVERSION = YES;
				CLANG_WARN_INFINITE_RECURSION = YES;
				CLANG_WARN_INT_CONVERSION = YES;
				CLANG_WARN_NON_LITERAL_NULL_CONVERSION = YES;
				CLANG_WARN_OBJC_IMPLICIT_RETAIN_SELF = YES;
				CLANG_WARN_OBJC_LITERAL_CONVERSION = YES;
				CLANG_WARN_OBJC_ROOT_CLASS = YES_ERROR;
				CLANG_WARN_QUOTED_INCLUDE_IN_FRAMEWORK_HEADER = YES;
				CLANG_WARN_RANGE_LOOP_ANALYSIS = YES;
				CLANG_WARN_STRICT_PROTOTYPES = YES;
				CLANG_WARN_SUSPICIOUS_MOVE = YES;
				CLANG_WARN_UNGUARDED_AVAILABILITY = YES_AGGRESSIVE;
				CLANG_WARN_UNREACHABLE_CODE = YES;
				CLANG_WARN__DUPLICATE_METHOD_MATCH = YES;
				COPY_PHASE_STRIP = NO;
				DEBUG_INFORMATION_FORMAT = "dwarf-with-dsym";
				ENABLE_NS_ASSERTIONS = NO;
				ENABLE_STRICT_OBJC_MSGSEND = YES;
				ENABLE_USER_SCRIPT_SANDBOXING = YES;
				GCC_C_LANGUAGE_STANDARD = gnu17;
				GCC_NO_COMMON_BLOCKS = YES;
				GCC_WARN_64_TO_32_BIT_CONVERSION = YES;
				GCC_WARN_ABOUT_RETURN_TYPE = YES_ERROR;
				GCC_WARN_UNDECLARED_SELECTOR = YES;
				GCC_WARN_UNINITIALIZED_AUTOS = YES_AGGRESSIVE;
				GCC_WARN_UNUSED_FUNCTION = YES;
				GCC_WARN_UNUSED_VARIABLE = YES;
				LOCALIZATION_PREFERS_STRING_CATALOGS = YES;
				MTL_ENABLE_DEBUG_INFO = NO;
				MTL_FAST_MATH = YES;
				SWIFT_COMPILATION_MODE = wholemodule;
			};
			name = Release;
		};
		9880C1132DF493A5008872D0 /* Debug */ = {
			isa = XCBuildConfiguration;
			buildSettings = {
				ASSETCATALOG_COMPILER_APPICON_NAME = AppIcon;
				ASSETCATALOG_COMPILER_GLOBAL_ACCENT_COLOR_NAME = AccentColor;
				CODE_SIGN_ENTITLEMENTS = SceneIt/SceneIt.entitlements;
				"CODE_SIGN_IDENTITY[sdk=macosx*]" = "Apple Development";
				CODE_SIGN_STYLE = Automatic;
				CURRENT_PROJECT_VERSION = 1;
				DEVELOPMENT_ASSET_PATHS = "\"SceneIt/Preview Content\"";
				DEVELOPMENT_TEAM = RR85V4Y9A7;
				ENABLE_PREVIEWS = YES;
				GENERATE_INFOPLIST_FILE = YES;
				INFOPLIST_FILE = SceneIt/Info.plist;
				"INFOPLIST_KEY_UIApplicationSceneManifest_Generation[sdk=iphoneos*]" = YES;
				"INFOPLIST_KEY_UIApplicationSceneManifest_Generation[sdk=iphonesimulator*]" = YES;
				"INFOPLIST_KEY_UIApplicationSupportsIndirectInputEvents[sdk=iphoneos*]" = YES;
				"INFOPLIST_KEY_UIApplicationSupportsIndirectInputEvents[sdk=iphonesimulator*]" = YES;
				"INFOPLIST_KEY_UILaunchScreen_Generation[sdk=iphoneos*]" = YES;
				"INFOPLIST_KEY_UILaunchScreen_Generation[sdk=iphonesimulator*]" = YES;
				"INFOPLIST_KEY_UIStatusBarStyle[sdk=iphoneos*]" = UIStatusBarStyleDefault;
				"INFOPLIST_KEY_UIStatusBarStyle[sdk=iphonesimulator*]" = UIStatusBarStyleDefault;
				INFOPLIST_KEY_UISupportedInterfaceOrientations_iPad = "UIInterfaceOrientationPortrait UIInterfaceOrientationPortraitUpsideDown UIInterfaceOrientationLandscapeLeft UIInterfaceOrientationLandscapeRight";
				INFOPLIST_KEY_UISupportedInterfaceOrientations_iPhone = "UIInterfaceOrientationPortrait UIInterfaceOrientationLandscapeLeft UIInterfaceOrientationLandscapeRight";
				IPHONEOS_DEPLOYMENT_TARGET = 18.2;
				LD_RUNPATH_SEARCH_PATHS = "@executable_path/Frameworks";
				"LD_RUNPATH_SEARCH_PATHS[sdk=macosx*]" = "@executable_path/../Frameworks";
				MACOSX_DEPLOYMENT_TARGET = 15.0;
				MARKETING_VERSION = 1.0;
				PRODUCT_BUNDLE_IDENTIFIER = com.alpha.SceneIt;
				PRODUCT_NAME = "$(TARGET_NAME)";
				SDKROOT = auto;
				SUPPORTED_PLATFORMS = "iphoneos iphonesimulator macosx xros xrsimulator";
				SWIFT_EMIT_LOC_STRINGS = YES;
				SWIFT_VERSION = 5.0;
				TARGETED_DEVICE_FAMILY = "1,2,7";
				XROS_DEPLOYMENT_TARGET = 2.2;
			};
			name = Debug;
		};
		9880C1142DF493A5008872D0 /* Release */ = {
			isa = XCBuildConfiguration;
			buildSettings = {
				ASSETCATALOG_COMPILER_APPICON_NAME = AppIcon;
				ASSETCATALOG_COMPILER_GLOBAL_ACCENT_COLOR_NAME = AccentColor;
				CODE_SIGN_ENTITLEMENTS = SceneIt/SceneIt.entitlements;
				"CODE_SIGN_IDENTITY[sdk=macosx*]" = "Apple Development";
				CODE_SIGN_STYLE = Automatic;
				CURRENT_PROJECT_VERSION = 1;
				DEVELOPMENT_ASSET_PATHS = "\"SceneIt/Preview Content\"";
				DEVELOPMENT_TEAM = RR85V4Y9A7;
				ENABLE_PREVIEWS = YES;
				GENERATE_INFOPLIST_FILE = YES;
				INFOPLIST_FILE = SceneIt/Info.plist;
				"INFOPLIST_KEY_UIApplicationSceneManifest_Generation[sdk=iphoneos*]" = YES;
				"INFOPLIST_KEY_UIApplicationSceneManifest_Generation[sdk=iphonesimulator*]" = YES;
				"INFOPLIST_KEY_UIApplicationSupportsIndirectInputEvents[sdk=iphoneos*]" = YES;
				"INFOPLIST_KEY_UIApplicationSupportsIndirectInputEvents[sdk=iphonesimulator*]" = YES;
				"INFOPLIST_KEY_UILaunchScreen_Generation[sdk=iphoneos*]" = YES;
				"INFOPLIST_KEY_UILaunchScreen_Generation[sdk=iphonesimulator*]" = YES;
				"INFOPLIST_KEY_UIStatusBarStyle[sdk=iphoneos*]" = UIStatusBarStyleDefault;
				"INFOPLIST_KEY_UIStatusBarStyle[sdk=iphonesimulator*]" = UIStatusBarStyleDefault;
				INFOPLIST_KEY_UISupportedInterfaceOrientations_iPad = "UIInterfaceOrientationPortrait UIInterfaceOrientationPortraitUpsideDown UIInterfaceOrientationLandscapeLeft UIInterfaceOrientationLandscapeRight";
				INFOPLIST_KEY_UISupportedInterfaceOrientations_iPhone = "UIInterfaceOrientationPortrait UIInterfaceOrientationLandscapeLeft UIInterfaceOrientationLandscapeRight";
				IPHONEOS_DEPLOYMENT_TARGET = 18.2;
				LD_RUNPATH_SEARCH_PATHS = "@executable_path/Frameworks";
				"LD_RUNPATH_SEARCH_PATHS[sdk=macosx*]" = "@executable_path/../Frameworks";
				MACOSX_DEPLOYMENT_TARGET = 15.0;
				MARKETING_VERSION = 1.0;
				PRODUCT_BUNDLE_IDENTIFIER = com.alpha.SceneIt;
				PRODUCT_NAME = "$(TARGET_NAME)";
				SDKROOT = auto;
				SUPPORTED_PLATFORMS = "iphoneos iphonesimulator macosx xros xrsimulator";
				SWIFT_EMIT_LOC_STRINGS = YES;
				SWIFT_VERSION = 5.0;
				TARGETED_DEVICE_FAMILY = "1,2,7";
				XROS_DEPLOYMENT_TARGET = 2.2;
			};
			name = Release;
		};
		9880C1162DF493A5008872D0 /* Debug */ = {
			isa = XCBuildConfiguration;
			buildSettings = {
				BUNDLE_LOADER = "$(TEST_HOST)";
				CODE_SIGN_STYLE = Automatic;
				CURRENT_PROJECT_VERSION = 1;
				GENERATE_INFOPLIST_FILE = YES;
				IPHONEOS_DEPLOYMENT_TARGET = 18.2;
				MACOSX_DEPLOYMENT_TARGET = 15.0;
				MARKETING_VERSION = 1.0;
				PRODUCT_BUNDLE_IDENTIFIER = com.alpha.SceneItTests;
				PRODUCT_NAME = "$(TARGET_NAME)";
				SDKROOT = auto;
				SUPPORTED_PLATFORMS = "iphoneos iphonesimulator macosx xros xrsimulator";
				SWIFT_EMIT_LOC_STRINGS = NO;
				SWIFT_VERSION = 5.0;
				TARGETED_DEVICE_FAMILY = "1,2,7";
				TEST_HOST = "$(BUILT_PRODUCTS_DIR)/SceneIt.app/$(BUNDLE_EXECUTABLE_FOLDER_PATH)/SceneIt";
				XROS_DEPLOYMENT_TARGET = 2.2;
			};
			name = Debug;
		};
		9880C1172DF493A5008872D0 /* Release */ = {
			isa = XCBuildConfiguration;
			buildSettings = {
				BUNDLE_LOADER = "$(TEST_HOST)";
				CODE_SIGN_STYLE = Automatic;
				CURRENT_PROJECT_VERSION = 1;
				GENERATE_INFOPLIST_FILE = YES;
				IPHONEOS_DEPLOYMENT_TARGET = 18.2;
				MACOSX_DEPLOYMENT_TARGET = 15.0;
				MARKETING_VERSION = 1.0;
				PRODUCT_BUNDLE_IDENTIFIER = com.alpha.SceneItTests;
				PRODUCT_NAME = "$(TARGET_NAME)";
				SDKROOT = auto;
				SUPPORTED_PLATFORMS = "iphoneos iphonesimulator macosx xros xrsimulator";
				SWIFT_EMIT_LOC_STRINGS = NO;
				SWIFT_VERSION = 5.0;
				TARGETED_DEVICE_FAMILY = "1,2,7";
				TEST_HOST = "$(BUILT_PRODUCTS_DIR)/SceneIt.app/$(BUNDLE_EXECUTABLE_FOLDER_PATH)/SceneIt";
				XROS_DEPLOYMENT_TARGET = 2.2;
			};
			name = Release;
		};
		9880C1192DF493A5008872D0 /* Debug */ = {
			isa = XCBuildConfiguration;
			buildSettings = {
				CODE_SIGN_STYLE = Automatic;
				CURRENT_PROJECT_VERSION = 1;
				GENERATE_INFOPLIST_FILE = YES;
				IPHONEOS_DEPLOYMENT_TARGET = 18.2;
				MACOSX_DEPLOYMENT_TARGET = 15.0;
				MARKETING_VERSION = 1.0;
				PRODUCT_BUNDLE_IDENTIFIER = com.alpha.SceneItUITests;
				PRODUCT_NAME = "$(TARGET_NAME)";
				SDKROOT = auto;
				SUPPORTED_PLATFORMS = "iphoneos iphonesimulator macosx xros xrsimulator";
				SWIFT_EMIT_LOC_STRINGS = NO;
				SWIFT_VERSION = 5.0;
				TARGETED_DEVICE_FAMILY = "1,2,7";
				TEST_TARGET_NAME = SceneIt;
				XROS_DEPLOYMENT_TARGET = 2.2;
			};
			name = Debug;
		};
		9880C11A2DF493A5008872D0 /* Release */ = {
			isa = XCBuildConfiguration;
			buildSettings = {
				CODE_SIGN_STYLE = Automatic;
				CURRENT_PROJECT_VERSION = 1;
				GENERATE_INFOPLIST_FILE = YES;
				IPHONEOS_DEPLOYMENT_TARGET = 18.2;
				MACOSX_DEPLOYMENT_TARGET = 15.0;
				MARKETING_VERSION = 1.0;
				PRODUCT_BUNDLE_IDENTIFIER = com.alpha.SceneItUITests;
				PRODUCT_NAME = "$(TARGET_NAME)";
				SDKROOT = auto;
				SUPPORTED_PLATFORMS = "iphoneos iphonesimulator macosx xros xrsimulator";
				SWIFT_EMIT_LOC_STRINGS = NO;
				SWIFT_VERSION = 5.0;
				TARGETED_DEVICE_FAMILY = "1,2,7";
				TEST_TARGET_NAME = SceneIt;
				XROS_DEPLOYMENT_TARGET = 2.2;
			};
			name = Release;
		};
/* End XCBuildConfiguration section */

/* Begin XCConfigurationList section */
		9880C0E82DF493A2008872D0 /* Build configuration list for PBXProject "SceneIt" */ = {
			isa = XCConfigurationList;
			buildConfigurations = (
				9880C1102DF493A5008872D0 /* Debug */,
				9880C1112DF493A5008872D0 /* Release */,
			);
			defaultConfigurationIsVisible = 0;
			defaultConfigurationName = Release;
		};
		9880C1122DF493A5008872D0 /* Build configuration list for PBXNativeTarget "SceneIt" */ = {
			isa = XCConfigurationList;
			buildConfigurations = (
				9880C1132DF493A5008872D0 /* Debug */,
				9880C1142DF493A5008872D0 /* Release */,
			);
			defaultConfigurationIsVisible = 0;
			defaultConfigurationName = Release;
		};
		9880C1152DF493A5008872D0 /* Build configuration list for PBXNativeTarget "SceneItTests" */ = {
			isa = XCConfigurationList;
			buildConfigurations = (
				9880C1162DF493A5008872D0 /* Debug */,
				9880C1172DF493A5008872D0 /* Release */,
			);
			defaultConfigurationIsVisible = 0;
			defaultConfigurationName = Release;
		};
		9880C1182DF493A5008872D0 /* Build configuration list for PBXNativeTarget "SceneItUITests" */ = {
			isa = XCConfigurationList;
			buildConfigurations = (
				9880C1192DF493A5008872D0 /* Debug */,
				9880C11A2DF493A5008872D0 /* Release */,
			);
			defaultConfigurationIsVisible = 0;
			defaultConfigurationName = Release;
		};
/* End XCConfigurationList section */

/* Begin XCRemoteSwiftPackageReference section */
		982EB5082E28BA2600A4FA60 /* XCRemoteSwiftPackageReference "SDWebImageSwiftUI" */ = {
			isa = XCRemoteSwiftPackageReference;
			repositoryURL = "https://github.com/SDWebImage/SDWebImageSwiftUI";
			requirement = {
				kind = upToNextMajorVersion;
				minimumVersion = 3.1.3;
			};
		};
		9880C1472DF94EEA008872D0 /* XCRemoteSwiftPackageReference "firebase-ios-sdk" */ = {
			isa = XCRemoteSwiftPackageReference;
			repositoryURL = "https://github.com/firebase/firebase-ios-sdk";
			requirement = {
				kind = upToNextMajorVersion;
				minimumVersion = 11.14.0;
			};
		};
/* End XCRemoteSwiftPackageReference section */

/* Begin XCSwiftPackageProductDependency section */
		982EB5092E28BA2600A4FA60 /* SDWebImageSwiftUI */ = {
			isa = XCSwiftPackageProductDependency;
			package = 982EB5082E28BA2600A4FA60 /* XCRemoteSwiftPackageReference "SDWebImageSwiftUI" */;
			productName = SDWebImageSwiftUI;
		};
		9880C1482DF94EEA008872D0 /* FirebaseAI */ = {
			isa = XCSwiftPackageProductDependency;
			package = 9880C1472DF94EEA008872D0 /* XCRemoteSwiftPackageReference "firebase-ios-sdk" */;
			productName = FirebaseAI;
		};
		9880C14A2DF94EEA008872D0 /* FirebaseAnalytics */ = {
			isa = XCSwiftPackageProductDependency;
			package = 9880C1472DF94EEA008872D0 /* XCRemoteSwiftPackageReference "firebase-ios-sdk" */;
			productName = FirebaseAnalytics;
		};
		9880C14C2DF94EEA008872D0 /* FirebaseAnalyticsCore */ = {
			isa = XCSwiftPackageProductDependency;
			package = 9880C1472DF94EEA008872D0 /* XCRemoteSwiftPackageReference "firebase-ios-sdk" */;
			productName = FirebaseAnalyticsCore;
		};
		9880C14E2DF94EEA008872D0 /* FirebaseAnalyticsIdentitySupport */ = {
			isa = XCSwiftPackageProductDependency;
			package = 9880C1472DF94EEA008872D0 /* XCRemoteSwiftPackageReference "firebase-ios-sdk" */;
			productName = FirebaseAnalyticsIdentitySupport;
		};
		9880C1502DF94EEA008872D0 /* FirebaseAnalyticsOnDeviceConversion */ = {
			isa = XCSwiftPackageProductDependency;
			package = 9880C1472DF94EEA008872D0 /* XCRemoteSwiftPackageReference "firebase-ios-sdk" */;
			productName = FirebaseAnalyticsOnDeviceConversion;
		};
		9880C1522DF94EEA008872D0 /* FirebaseAnalyticsWithoutAdIdSupport */ = {
			isa = XCSwiftPackageProductDependency;
			package = 9880C1472DF94EEA008872D0 /* XCRemoteSwiftPackageReference "firebase-ios-sdk" */;
			productName = FirebaseAnalyticsWithoutAdIdSupport;
		};
		9880C1542DF94EEA008872D0 /* FirebaseAppCheck */ = {
			isa = XCSwiftPackageProductDependency;
			package = 9880C1472DF94EEA008872D0 /* XCRemoteSwiftPackageReference "firebase-ios-sdk" */;
			productName = FirebaseAppCheck;
		};
		9880C1562DF94EEA008872D0 /* FirebaseAppDistribution-Beta */ = {
			isa = XCSwiftPackageProductDependency;
			package = 9880C1472DF94EEA008872D0 /* XCRemoteSwiftPackageReference "firebase-ios-sdk" */;
			productName = "FirebaseAppDistribution-Beta";
		};
		9880C1582DF94EEA008872D0 /* FirebaseAuth */ = {
			isa = XCSwiftPackageProductDependency;
			package = 9880C1472DF94EEA008872D0 /* XCRemoteSwiftPackageReference "firebase-ios-sdk" */;
			productName = FirebaseAuth;
		};
		9880C15A2DF94EEA008872D0 /* FirebaseAuthCombine-Community */ = {
			isa = XCSwiftPackageProductDependency;
			package = 9880C1472DF94EEA008872D0 /* XCRemoteSwiftPackageReference "firebase-ios-sdk" */;
			productName = "FirebaseAuthCombine-Community";
		};
		9880C15C2DF94EEA008872D0 /* FirebaseCore */ = {
			isa = XCSwiftPackageProductDependency;
			package = 9880C1472DF94EEA008872D0 /* XCRemoteSwiftPackageReference "firebase-ios-sdk" */;
			productName = FirebaseCore;
		};
		9880C15E2DF94EEA008872D0 /* FirebaseCrashlytics */ = {
			isa = XCSwiftPackageProductDependency;
			package = 9880C1472DF94EEA008872D0 /* XCRemoteSwiftPackageReference "firebase-ios-sdk" */;
			productName = FirebaseCrashlytics;
		};
		9880C1602DF94EEA008872D0 /* FirebaseDatabase */ = {
			isa = XCSwiftPackageProductDependency;
			package = 9880C1472DF94EEA008872D0 /* XCRemoteSwiftPackageReference "firebase-ios-sdk" */;
			productName = FirebaseDatabase;
		};
		9880C1622DF94EEA008872D0 /* FirebaseDynamicLinks */ = {
			isa = XCSwiftPackageProductDependency;
			package = 9880C1472DF94EEA008872D0 /* XCRemoteSwiftPackageReference "firebase-ios-sdk" */;
			productName = FirebaseDynamicLinks;
		};
		9880C1642DF94EEA008872D0 /* FirebaseFirestore */ = {
			isa = XCSwiftPackageProductDependency;
			package = 9880C1472DF94EEA008872D0 /* XCRemoteSwiftPackageReference "firebase-ios-sdk" */;
			productName = FirebaseFirestore;
		};
		9880C1662DF94EEA008872D0 /* FirebaseFirestoreCombine-Community */ = {
			isa = XCSwiftPackageProductDependency;
			package = 9880C1472DF94EEA008872D0 /* XCRemoteSwiftPackageReference "firebase-ios-sdk" */;
			productName = "FirebaseFirestoreCombine-Community";
		};
		9880C1682DF94EEA008872D0 /* FirebaseFunctions */ = {
			isa = XCSwiftPackageProductDependency;
			package = 9880C1472DF94EEA008872D0 /* XCRemoteSwiftPackageReference "firebase-ios-sdk" */;
			productName = FirebaseFunctions;
		};
		9880C16A2DF94EEA008872D0 /* FirebaseFunctionsCombine-Community */ = {
			isa = XCSwiftPackageProductDependency;
			package = 9880C1472DF94EEA008872D0 /* XCRemoteSwiftPackageReference "firebase-ios-sdk" */;
			productName = "FirebaseFunctionsCombine-Community";
		};
		9880C16C2DF94EEA008872D0 /* FirebaseInAppMessaging-Beta */ = {
			isa = XCSwiftPackageProductDependency;
			package = 9880C1472DF94EEA008872D0 /* XCRemoteSwiftPackageReference "firebase-ios-sdk" */;
			productName = "FirebaseInAppMessaging-Beta";
		};
		9880C16E2DF94EEA008872D0 /* FirebaseInstallations */ = {
			isa = XCSwiftPackageProductDependency;
			package = 9880C1472DF94EEA008872D0 /* XCRemoteSwiftPackageReference "firebase-ios-sdk" */;
			productName = FirebaseInstallations;
		};
		9880C1702DF94EEA008872D0 /* FirebaseMLModelDownloader */ = {
			isa = XCSwiftPackageProductDependency;
			package = 9880C1472DF94EEA008872D0 /* XCRemoteSwiftPackageReference "firebase-ios-sdk" */;
			productName = FirebaseMLModelDownloader;
		};
		9880C1722DF94EEA008872D0 /* FirebaseMessaging */ = {
			isa = XCSwiftPackageProductDependency;
			package = 9880C1472DF94EEA008872D0 /* XCRemoteSwiftPackageReference "firebase-ios-sdk" */;
			productName = FirebaseMessaging;
		};
		9880C1742DF94EEA008872D0 /* FirebasePerformance */ = {
			isa = XCSwiftPackageProductDependency;
			package = 9880C1472DF94EEA008872D0 /* XCRemoteSwiftPackageReference "firebase-ios-sdk" */;
			productName = FirebasePerformance;
		};
		9880C1762DF94EEA008872D0 /* FirebaseRemoteConfig */ = {
			isa = XCSwiftPackageProductDependency;
			package = 9880C1472DF94EEA008872D0 /* XCRemoteSwiftPackageReference "firebase-ios-sdk" */;
			productName = FirebaseRemoteConfig;
		};
		9880C1782DF94EEA008872D0 /* FirebaseStorage */ = {
			isa = XCSwiftPackageProductDependency;
			package = 9880C1472DF94EEA008872D0 /* XCRemoteSwiftPackageReference "firebase-ios-sdk" */;
			productName = FirebaseStorage;
		};
		9880C17A2DF94EEA008872D0 /* FirebaseStorageCombine-Community */ = {
			isa = XCSwiftPackageProductDependency;
			package = 9880C1472DF94EEA008872D0 /* XCRemoteSwiftPackageReference "firebase-ios-sdk" */;
			productName = "FirebaseStorageCombine-Community";
		};
		9880C17C2DF94EEA008872D0 /* FirebaseVertexAI */ = {
			isa = XCSwiftPackageProductDependency;
			package = 9880C1472DF94EEA008872D0 /* XCRemoteSwiftPackageReference "firebase-ios-sdk" */;
			productName = FirebaseVertexAI;
		};
/* End XCSwiftPackageProductDependency section */
	};
	rootObject = 9880C0E52DF493A2008872D0 /* Project object */;
}
